
Microsoft Visual Studio Solution File, Format Version 12.00
# Visual Studio Version 17
VisualStudioVersion = 17.10.35027.167
MinimumVisualStudioVersion = 10.0.40219.1
Project("{FAE04EC0-301F-11D3-BF4B-00C04F79EFBC}") = "Exercise155_Exception_Handling", "Exercise155_Exception_Handling\Exercise155_Exception_Handling.csproj", "{A2BBE8DC-8A53-4753-B6FA-BEBA5D2B586C}"
EndProject
Global
	GlobalSection(SolutionConfigurationPlatforms) = preSolution
		Debug|Any CPU = Debug|Any CPU
		Release|Any CPU = Release|Any CPU
	EndGlobalSection
	GlobalSection(ProjectConfigurationPlatforms) = postSolution
		{A2BBE8DC-8A53-4753-B6FA-BEBA5D2B586C}.Debug|Any CPU.ActiveCfg = Debug|Any CPU
		{A2BBE8DC-8A53-4753-B6FA-BEBA5D2B586C}.Debug|Any CPU.Build.0 = Debug|Any CPU
		{A2BBE8DC-8A53-4753-B6FA-BEBA5D2B586C}.Release|Any CPU.ActiveCfg = Release|Any CPU
		{A2BBE8DC-8A53-4753-B6FA-BEBA5D2B586C}.Release|Any CPU.Build.0 = Release|Any CPU
	EndGlobalSection
	GlobalSection(SolutionProperties) = preSolution
		HideSolutionNode = FALSE
	EndGlobalSection
	GlobalSection(ExtensibilityGlobals) = postSolution
		SolutionGuid = {AFECDF64-9378-4516-AB36-A830F7A973E1}
	EndGlobalSection
EndGlobal
